
Microsoft Visual Studio Solution File, Format Version 12.00
# Visual Studio Version 17
VisualStudioVersion = 17.3.32929.385
MinimumVisualStudioVersion = 10.0.40219.1
Project("{FAE04EC0-301F-11D3-BF4B-00C04F79EFBC}") = "ASP.NET_Server", "ASP.NET_Server\ASP.NET_Server.csproj", "{18D1F1BC-1461-4BBE-8816-C70C57F738FE}"
EndProject
Global
	GlobalSection(SolutionConfigurationPlatforms) = preSolution
		Debug|Any CPU = Debug|Any CPU
		Release|Any CPU = Release|Any CPU
	EndGlobalSection
	GlobalSection(ProjectConfigurationPlatforms) = postSolution
		{18D1F1BC-1461-4BBE-8816-C70C57F738FE}.Debug|Any CPU.ActiveCfg = Debug|Any CPU
		{18D1F1BC-1461-4BBE-8816-C70C57F738FE}.Debug|Any CPU.Build.0 = Debug|Any CPU
		{18D1F1BC-1461-4BBE-8816-C70C57F738FE}.Release|Any CPU.ActiveCfg = Release|Any CPU
		{18D1F1BC-1461-4BBE-8816-C70C57F738FE}.Release|Any CPU.Build.0 = Release|Any CPU
	EndGlobalSection
	GlobalSection(SolutionProperties) = preSolution
		HideSolutionNode = FALSE
	EndGlobalSection
	GlobalSection(ExtensibilityGlobals) = postSolution
		SolutionGuid = {8A9B6E7E-53FB-43F0-ACA8-DC233D9CD017}
	EndGlobalSection
EndGlobal
